
Microsoft Visual Studio Solution File, Format Version 12.00
# Visual Studio Version 16
VisualStudioVersion = 16.0.31112.23
MinimumVisualStudioVersion = 10.0.40219.1
Project("{9A19103F-16F7-4668-BE54-9A1E7A4F7556}") = "PipeVolumeCalcService", "PipeVolumeCalcService.csproj", "{D6E89DA8-FB12-4CB5-9AAA-4A117AE447AA}"
EndProject
Project("{9A19103F-16F7-4668-BE54-9A1E7A4F7556}") = "GRPCServClient", "..\GRPCServClient\GRPCServClient.csproj", "{4BE52429-EECE-4B91-BB83-11582A8AAFAE}"
EndProject
Global
	GlobalSection(SolutionConfigurationPlatforms) = preSolution
		Debug|Any CPU = Debug|Any CPU
		Release|Any CPU = Release|Any CPU
	EndGlobalSection
	GlobalSection(ProjectConfigurationPlatforms) = postSolution
		{D6E89DA8-FB12-4CB5-9AAA-4A117AE447AA}.Debug|Any CPU.ActiveCfg = Debug|Any CPU
		{D6E89DA8-FB12-4CB5-9AAA-4A117AE447AA}.Debug|Any CPU.Build.0 = Debug|Any CPU
		{D6E89DA8-FB12-4CB5-9AAA-4A117AE447AA}.Release|Any CPU.ActiveCfg = Release|Any CPU
		{D6E89DA8-FB12-4CB5-9AAA-4A117AE447AA}.Release|Any CPU.Build.0 = Release|Any CPU
		{4BE52429-EECE-4B91-BB83-11582A8AAFAE}.Debug|Any CPU.ActiveCfg = Debug|Any CPU
		{4BE52429-EECE-4B91-BB83-11582A8AAFAE}.Debug|Any CPU.Build.0 = Debug|Any CPU
		{4BE52429-EECE-4B91-BB83-11582A8AAFAE}.Release|Any CPU.ActiveCfg = Release|Any CPU
		{4BE52429-EECE-4B91-BB83-11582A8AAFAE}.Release|Any CPU.Build.0 = Release|Any CPU
	EndGlobalSection
	GlobalSection(SolutionProperties) = preSolution
		HideSolutionNode = FALSE
	EndGlobalSection
	GlobalSection(ExtensibilityGlobals) = postSolution
		SolutionGuid = {34F394D2-5323-4898-BEF2-C6B8D7F33819}
	EndGlobalSection
EndGlobal
