
Microsoft Visual Studio Solution File, Format Version 12.00
# Visual Studio Version 16
VisualStudioVersion = 16.0.31112.23
MinimumVisualStudioVersion = 10.0.40219.1
Project("{E24C65DC-7377-472B-9ABA-BC803B73C61A}") = "WCFService", ".", "{F0E18A72-470C-498C-A49A-EBC3A4D846BF}"
	ProjectSection(WebsiteProperties) = preProject
		TargetFrameworkMoniker = ".NETFramework,Version%3Dv4.8"
		Debug.AspNetCompiler.VirtualPath = "/localhost_51085"
		Debug.AspNetCompiler.PhysicalPath = "..\WCFService\"
		Debug.AspNetCompiler.TargetPath = "PrecompiledWeb\localhost_51085\"
		Debug.AspNetCompiler.Updateable = "true"
		Debug.AspNetCompiler.ForceOverwrite = "true"
		Debug.AspNetCompiler.FixedNames = "false"
		Debug.AspNetCompiler.Debug = "True"
		Release.AspNetCompiler.VirtualPath = "/localhost_51085"
		Release.AspNetCompiler.PhysicalPath = "..\WCFService\"
		Release.AspNetCompiler.TargetPath = "PrecompiledWeb\localhost_51085\"
		Release.AspNetCompiler.Updateable = "true"
		Release.AspNetCompiler.ForceOverwrite = "true"
		Release.AspNetCompiler.FixedNames = "false"
		Release.AspNetCompiler.Debug = "False"
		VWDPort = "51085"
		SlnRelativePath = "..\WCFService\"
		DefaultWebSiteLanguage = "Visual C#"
	EndProjectSection
EndProject
Project("{9A19103F-16F7-4668-BE54-9A1E7A4F7556}") = "WCFClient", "..\WCFClient\WCFClient.csproj", "{B8629CC4-676D-44A2-B792-25C3092A4346}"
EndProject
Global
	GlobalSection(SolutionConfigurationPlatforms) = preSolution
		Debug|Any CPU = Debug|Any CPU
		Release|Any CPU = Release|Any CPU
	EndGlobalSection
	GlobalSection(ProjectConfigurationPlatforms) = postSolution
		{F0E18A72-470C-498C-A49A-EBC3A4D846BF}.Debug|Any CPU.ActiveCfg = Debug|Any CPU
		{F0E18A72-470C-498C-A49A-EBC3A4D846BF}.Debug|Any CPU.Build.0 = Debug|Any CPU
		{F0E18A72-470C-498C-A49A-EBC3A4D846BF}.Release|Any CPU.ActiveCfg = Debug|Any CPU
		{F0E18A72-470C-498C-A49A-EBC3A4D846BF}.Release|Any CPU.Build.0 = Debug|Any CPU
		{B8629CC4-676D-44A2-B792-25C3092A4346}.Debug|Any CPU.ActiveCfg = Debug|Any CPU
		{B8629CC4-676D-44A2-B792-25C3092A4346}.Debug|Any CPU.Build.0 = Debug|Any CPU
		{B8629CC4-676D-44A2-B792-25C3092A4346}.Release|Any CPU.ActiveCfg = Release|Any CPU
		{B8629CC4-676D-44A2-B792-25C3092A4346}.Release|Any CPU.Build.0 = Release|Any CPU
	EndGlobalSection
	GlobalSection(SolutionProperties) = preSolution
		HideSolutionNode = FALSE
	EndGlobalSection
	GlobalSection(ExtensibilityGlobals) = postSolution
		SolutionGuid = {DE3E38B2-E699-4F16-95E8-C7A3D12C508D}
	EndGlobalSection
EndGlobal
